// !$*UTF8*$!
{
	archiveVersion = 1;
	classes = {
	};
	objectVersion = 77;
	objects = {

/* Begin PBXBuildFile section */
		ECC329E12F5D5BE500630810 /* RealityKitContent in Frameworks */ = {isa = PBXBuildFile; productRef = ECC329E02F5D5BE500630810 /* RealityKitContent */; };
		ECC32A592F5D5C4E00630810 /* WidgetKit.framework in Frameworks */ = {isa = PBXBuildFile; fileRef = ECC32A582F5D5C4D00630810 /* WidgetKit.framework */; };
		ECC32A5B2F5D5C4E00630810 /* SwiftUI.framework in Frameworks */ = {isa = PBXBuildFile; fileRef = ECC32A5A2F5D5C4E00630810 /* SwiftUI.framework */; };
		ECC32A682F5D5C5E00630810 /* SpatialGPTBuilderWidgetExtensionExtension.appex in Embed Foundation Extensions */ = {isa = PBXBuildFile; fileRef = ECC32A562F5D5C4D00630810 /* SpatialGPTBuilderWidgetExtensionExtension.appex */; settings = {ATTRIBUTES = (RemoveHeadersOnCopy, ); }; };
/* End PBXBuildFile section */

/* Begin PBXContainerItemProxy section */
		ECC32A662F5D5C5E00630810 /* PBXContainerItemProxy */ = {
			isa = PBXContainerItemProxy;
			containerPortal = ECC329D32F5D5BE500630810 /* Project object */;
			proxyType = 1;
			remoteGlobalIDString = ECC32A552F5D5C4D00630810;
			remoteInfo = SpatialGPTBuilderWidgetExtensionExtension;
		};
/* End PBXContainerItemProxy section */

/* Begin PBXCopyFilesBuildPhase section */
		ECC32A6D2F5D5C5E00630810 /* Embed Foundation Extensions */ = {
			isa = PBXCopyFilesBuildPhase;
			buildActionMask = 2147483647;
			dstPath = "";
			dstSubfolderSpec = 13;
			files = (
				ECC32A682F5D5C5E00630810 /* SpatialGPTBuilderWidgetExtensionExtension.appex in Embed Foundation Extensions */,
			);
			name = "Embed Foundation Extensions";
			runOnlyForDeploymentPostprocessing = 0;
		};
/* End PBXCopyFilesBuildPhase section */

/* Begin PBXFileReference section */
		ECC329DB2F5D5BE500630810 /* SpatialGPTBuilderWidget.app */ = {isa = PBXFileReference; explicitFileType = wrapper.application; includeInIndex = 0; path = SpatialGPTBuilderWidget.app; sourceTree = BUILT_PRODUCTS_DIR; };
		ECC329DF2F5D5BE500630810 /* RealityKitContent */ = {isa = PBXFileReference; lastKnownFileType = wrapper; path = RealityKitContent; sourceTree = "<group>"; };
		ECC32A562F5D5C4D00630810 /* SpatialGPTBuilderWidgetExtensionExtension.appex */ = {isa = PBXFileReference; explicitFileType = "wrapper.app-extension"; includeInIndex = 0; path = SpatialGPTBuilderWidgetExtensionExtension.appex; sourceTree = BUILT_PRODUCTS_DIR; };
		ECC32A582F5D5C4D00630810 /* WidgetKit.framework */ = {isa = PBXFileReference; lastKnownFileType = wrapper.framework; name = WidgetKit.framework; path = System/Library/Frameworks/WidgetKit.framework; sourceTree = SDKROOT; };
		ECC32A5A2F5D5C4E00630810 /* SwiftUI.framework */ = {isa = PBXFileReference; lastKnownFileType = wrapper.framework; name = SwiftUI.framework; path = System/Library/Frameworks/SwiftUI.framework; sourceTree = SDKROOT; };
/* End PBXFileReference section */

/* Begin PBXFileSystemSynchronizedBuildFileExceptionSet section */
		ECC329E92F5D5BE900630810 /* Exceptions for "SpatialGPTBuilderWidget" folder in "SpatialGPTBuilderWidget" target */ = {
			isa = PBXFileSystemSynchronizedBuildFileExceptionSet;
			membershipExceptions = (
				Info.plist,
			);
			target = ECC329DA2F5D5BE500630810 /* SpatialGPTBuilderWidget */;
		};
		ECC32A6C2F5D5C5E00630810 /* Exceptions for "SpatialGPTBuilderWidgetExtension" folder in "SpatialGPTBuilderWidgetExtensionExtension" target */ = {
			isa = PBXFileSystemSynchronizedBuildFileExceptionSet;
			membershipExceptions = (
				Info.plist,
			);
			target = ECC32A552F5D5C4D00630810 /* SpatialGPTBuilderWidgetExtensionExtension */;
		};
/* End PBXFileSystemSynchronizedBuildFileExceptionSet section */

/* Begin PBXFileSystemSynchronizedRootGroup section */
		ECC329DD2F5D5BE500630810 /* SpatialGPTBuilderWidget */ = {
			isa = PBXFileSystemSynchronizedRootGroup;
			exceptions = (
				ECC329E92F5D5BE900630810 /* Exceptions for "SpatialGPTBuilderWidget" folder in "SpatialGPTBuilderWidget" target */,
			);
			path = SpatialGPTBuilderWidget;
			sourceTree = "<group>";
		};
		ECC32A5C2F5D5C4E00630810 /* SpatialGPTBuilderWidgetExtension */ = {
			isa = PBXFileSystemSynchronizedRootGroup;
			exceptions = (
				ECC32A6C2F5D5C5E00630810 /* Exceptions for "SpatialGPTBuilderWidgetExtension" folder in "SpatialGPTBuilderWidgetExtensionExtension" target */,
			);
			path = SpatialGPTBuilderWidgetExtension;
			sourceTree = "<group>";
		};
/* End PBXFileSystemSynchronizedRootGroup section */

/* Begin PBXFrameworksBuildPhase section */
		ECC329D82F5D5BE500630810 /* Frameworks */ = {
			isa = PBXFrameworksBuildPhase;
			buildActionMask = 2147483647;
			files = (
				ECC329E12F5D5BE500630810 /* RealityKitContent in Frameworks */,
			);
			runOnlyForDeploymentPostprocessing = 0;
		};
		ECC32A532F5D5C4D00630810 /* Frameworks */ = {
			isa = PBXFrameworksBuildPhase;
			buildActionMask = 2147483647;
			files = (
				ECC32A5B2F5D5C4E00630810 /* SwiftUI.framework in Frameworks */,
				ECC32A592F5D5C4E00630810 /* WidgetKit.framework in Frameworks */,
			);
			runOnlyForDeploymentPostprocessing = 0;
		};
/* End PBXFrameworksBuildPhase section */

/* Begin PBXGroup section */
		ECC329D22F5D5BE500630810 = {
			isa = PBXGroup;
			children = (
				ECC329DD2F5D5BE500630810 /* SpatialGPTBuilderWidget */,
				ECC329DE2F5D5BE500630810 /* Packages */,
				ECC32A5C2F5D5C4E00630810 /* SpatialGPTBuilderWidgetExtension */,
				ECC32A572F5D5C4D00630810 /* Frameworks */,
				ECC329DC2F5D5BE500630810 /* Products */,
			);
			sourceTree = "<group>";
		};
		ECC329DC2F5D5BE500630810 /* Products */ = {
			isa = PBXGroup;
			children = (
				ECC329DB2F5D5BE500630810 /* SpatialGPTBuilderWidget.app */,
				ECC32A562F5D5C4D00630810 /* SpatialGPTBuilderWidgetExtensionExtension.appex */,
			);
			name = Products;
			sourceTree = "<group>";
		};
		ECC329DE2F5D5BE500630810 /* Packages */ = {
			isa = PBXGroup;
			children = (
				ECC329DF2F5D5BE500630810 /* RealityKitContent */,
			);
			path = Packages;
			sourceTree = "<group>";
		};
		ECC32A572F5D5C4D00630810 /* Frameworks */ = {
			isa = PBXGroup;
			children = (
				ECC32A582F5D5C4D00630810 /* WidgetKit.framework */,
				ECC32A5A2F5D5C4E00630810 /* SwiftUI.framework */,
			);
			name = Frameworks;
			sourceTree = "<group>";
		};
/* End PBXGroup section */

/* Begin PBXNativeTarget section */
		ECC329DA2F5D5BE500630810 /* SpatialGPTBuilderWidget */ = {
			isa = PBXNativeTarget;
			buildConfigurationList = ECC329EA2F5D5BE900630810 /* Build configuration list for PBXNativeTarget "SpatialGPTBuilderWidget" */;
			buildPhases = (
				ECC329D72F5D5BE500630810 /* Sources */,
				ECC329D82F5D5BE500630810 /* Frameworks */,
				ECC329D92F5D5BE500630810 /* Resources */,
				ECC32A6D2F5D5C5E00630810 /* Embed Foundation Extensions */,
			);
			buildRules = (
			);
			dependencies = (
				ECC32A672F5D5C5E00630810 /* PBXTargetDependency */,
			);
			fileSystemSynchronizedGroups = (
				ECC329DD2F5D5BE500630810 /* SpatialGPTBuilderWidget */,
			);
			name = SpatialGPTBuilderWidget;
			packageProductDependencies = (
				ECC329E02F5D5BE500630810 /* RealityKitContent */,
			);
			productName = SpatialGPTBuilderWidget;
			productReference = ECC329DB2F5D5BE500630810 /* SpatialGPTBuilderWidget.app */;
			productType = "com.apple.product-type.application";
		};
		ECC32A552F5D5C4D00630810 /* SpatialGPTBuilderWidgetExtensionExtension */ = {
			isa = PBXNativeTarget;
			buildConfigurationList = ECC32A692F5D5C5E00630810 /* Build configuration list for PBXNativeTarget "SpatialGPTBuilderWidgetExtensionExtension" */;
			buildPhases = (
				ECC32A522F5D5C4D00630810 /* Sources */,
				ECC32A532F5D5C4D00630810 /* Frameworks */,
				ECC32A542F5D5C4D00630810 /* Resources */,
			);
			buildRules = (
			);
			dependencies = (
			);
			fileSystemSynchronizedGroups = (
				ECC32A5C2F5D5C4E00630810 /* SpatialGPTBuilderWidgetExtension */,
			);
			name = SpatialGPTBuilderWidgetExtensionExtension;
			packageProductDependencies = (
			);
			productName = SpatialGPTBuilderWidgetExtensionExtension;
			productReference = ECC32A562F5D5C4D00630810 /* SpatialGPTBuilderWidgetExtensionExtension.appex */;
			productType = "com.apple.product-type.app-extension";
		};
/* End PBXNativeTarget section */

/* Begin PBXProject section */
		ECC329D32F5D5BE500630810 /* Project object */ = {
			isa = PBXProject;
			attributes = {
				BuildIndependentTargetsInParallel = 1;
				LastSwiftUpdateCheck = 2630;
				LastUpgradeCheck = 2630;
				TargetAttributes = {
					ECC329DA2F5D5BE500630810 = {
						CreatedOnToolsVersion = 26.3;
					};
					ECC32A552F5D5C4D00630810 = {
						CreatedOnToolsVersion = 26.3;
					};
				};
			};
			buildConfigurationList = ECC329D62F5D5BE500630810 /* Build configuration list for PBXProject "SpatialGPTBuilderWidget" */;
			developmentRegion = en;
			hasScannedForEncodings = 0;
			knownRegions = (
				en,
				Base,
			);
			mainGroup = ECC329D22F5D5BE500630810;
			minimizedProjectReferenceProxies = 1;
			preferredProjectObjectVersion = 77;
			productRefGroup = ECC329DC2F5D5BE500630810 /* Products */;
			projectDirPath = "";
			projectRoot = "";
			targets = (
				ECC329DA2F5D5BE500630810 /* SpatialGPTBuilderWidget */,
				ECC32A552F5D5C4D00630810 /* SpatialGPTBuilderWidgetExtensionExtension */,
			);
		};
/* End PBXProject section */

/* Begin PBXResourcesBuildPhase section */
		ECC329D92F5D5BE500630810 /* Resources */ = {
			isa = PBXResourcesBuildPhase;
			buildActionMask = 2147483647;
			files = (
			);
			runOnlyForDeploymentPostprocessing = 0;
		};
		ECC32A542F5D5C4D00630810 /* Resources */ = {
			isa = PBXResourcesBuildPhase;
			buildActionMask = 2147483647;
			files = (
			);
			runOnlyForDeploymentPostprocessing = 0;
		};
/* End PBXResourcesBuildPhase section */

/* Begin PBXSourcesBuildPhase section */
		ECC329D72F5D5BE500630810 /* Sources */ = {
			isa = PBXSourcesBuildPhase;
			buildActionMask = 2147483647;
			files = (
			);
			runOnlyForDeploymentPostprocessing = 0;
		};
		ECC32A522F5D5C4D00630810 /* Sources */ = {
			isa = PBXSourcesBuildPhase;
			buildActionMask = 2147483647;
			files = (
			);
			runOnlyForDeploymentPostprocessing = 0;
		};
/* End PBXSourcesBuildPhase section */

/* Begin PBXTargetDependency section */
		ECC32A672F5D5C5E00630810 /* PBXTargetDependency */ = {
			isa = PBXTargetDependency;
			target = ECC32A552F5D5C4D00630810 /* SpatialGPTBuilderWidgetExtensionExtension */;
			targetProxy = ECC32A662F5D5C5E00630810 /* PBXContainerItemProxy */;
		};
/* End PBXTargetDependency section */

/* Begin XCBuildConfiguration section */
		ECC329EB2F5D5BE900630810 /* Debug */ = {
			isa = XCBuildConfiguration;
			buildSettings = {
				ASSETCATALOG_COMPILER_APPICON_NAME = AppIcon;
				ASSETCATALOG_COMPILER_GLOBAL_ACCENT_COLOR_NAME = AccentColor;
				CODE_SIGN_STYLE = Automatic;
				CURRENT_PROJECT_VERSION = 1;
				DEVELOPMENT_TEAM = N3Q3GX6Q6Z;
				ENABLE_PREVIEWS = YES;
				GENERATE_INFOPLIST_FILE = YES;
				INFOPLIST_FILE = "$(TARGET_NAME)/Info.plist";
				LD_RUNPATH_SEARCH_PATHS = (
					"$(inherited)",
					"@executable_path/Frameworks",
				);
				MARKETING_VERSION = 1.0;
				PRODUCT_BUNDLE_IDENTIFIER = jan.steinhauer.SpatialGPTBuilderWidget;
				PRODUCT_NAME = "$(TARGET_NAME)";
				STRING_CATALOG_GENERATE_SYMBOLS = YES;
				SUPPORTED_PLATFORMS = "xros xrsimulator";
				SWIFT_APPROACHABLE_CONCURRENCY = YES;
				SWIFT_DEFAULT_ACTOR_ISOLATION = MainActor;
				SWIFT_EMIT_LOC_STRINGS = YES;
				SWIFT_UPCOMING_FEATURE_MEMBER_IMPORT_VISIBILITY = YES;
				SWIFT_VERSION = 5.0;
				TARGETED_DEVICE_FAMILY = 7;
			};
			name = Debug;
		};
		ECC329EC2F5D5BE900630810 /* Release */ = {
			isa = XCBuildConfiguration;
			buildSettings = {
				ASSETCATALOG_COMPILER_APPICON_NAME = AppIcon;
				ASSETCATALOG_COMPILER_GLOBAL_ACCENT_COLOR_NAME = AccentColor;
				CODE_SIGN_STYLE = Automatic;
				CURRENT_PROJECT_VERSION = 1;
				DEVELOPMENT_TEAM = N3Q3GX6Q6Z;
				ENABLE_PREVIEWS = YES;
				GENERATE_INFOPLIST_FILE = YES;
				INFOPLIST_FILE = "$(TARGET_NAME)/Info.plist";
				LD_RUNPATH_SEARCH_PATHS = (
					"$(inherited)",
					"@executable_path/Frameworks",
				);
				MARKETING_VERSION = 1.0;
				PRODUCT_BUNDLE_IDENTIFIER = jan.steinhauer.SpatialGPTBuilderWidget;
				PRODUCT_NAME = "$(TARGET_NAME)";
				STRING_CATALOG_GENERATE_SYMBOLS = YES;
				SUPPORTED_PLATFORMS = "xros xrsimulator";
				SWIFT_APPROACHABLE_CONCURRENCY = YES;
				SWIFT_DEFAULT_ACTOR_ISOLATION = MainActor;
				SWIFT_EMIT_LOC_STRINGS = YES;
				SWIFT_UPCOMING_FEATURE_MEMBER_IMPORT_VISIBILITY = YES;
				SWIFT_VERSION = 5.0;
				TARGETED_DEVICE_FAMILY = 7;
			};
			name = Release;
		};
		ECC329ED2F5D5BE900630810 /* Debug */ = {
			isa = XCBuildConfiguration;
			buildSettings = {
				ALWAYS_SEARCH_USER_PATHS = NO;
				ASSETCATALOG_COMPILER_GENERATE_SWIFT_ASSET_SYMBOL_EXTENSIONS = YES;
				CLANG_ANALYZER_NONNULL = YES;
				CLANG_ANALYZER_NUMBER_OBJECT_CONVERSION = YES_AGGRESSIVE;
				CLANG_CXX_LANGUAGE_STANDARD = "gnu++20";
				CLANG_ENABLE_MODULES = YES;
				CLANG_ENABLE_OBJC_ARC = YES;
				CLANG_ENABLE_OBJC_WEAK = YES;
				CLANG_WARN_BLOCK_CAPTURE_AUTORELEASING = YES;
				CLANG_WARN_BOOL_CONVERSION = YES;
				CLANG_WARN_COMMA = YES;
				CLANG_WARN_CONSTANT_CONVERSION = YES;
				CLANG_WARN_DEPRECATED_OBJC_IMPLEMENTATIONS = YES;
				CLANG_WARN_DIRECT_OBJC_ISA_USAGE = YES_ERROR;
				CLANG_WARN_DOCUMENTATION_COMMENTS = YES;
				CLANG_WARN_EMPTY_BODY = YES;
				CLANG_WARN_ENUM_CONVERSION = YES;
				CLANG_WARN_INFINITE_RECURSION = YES;
				CLANG_WARN_INT_CONVERSION = YES;
				CLANG_WARN_NON_LITERAL_NULL_CONVERSION = YES;
				CLANG_WARN_OBJC_IMPLICIT_RETAIN_SELF = YES;
				CLANG_WARN_OBJC_LITERAL_CONVERSION = YES;
				CLANG_WARN_OBJC_ROOT_CLASS = YES_ERROR;
				CLANG_WARN_QUOTED_INCLUDE_IN_FRAMEWORK_HEADER = YES;
				CLANG_WARN_RANGE_LOOP_ANALYSIS = YES;
				CLANG_WARN_STRICT_PROTOTYPES = YES;
				CLANG_WARN_SUSPICIOUS_MOVE = YES;
				CLANG_WARN_UNGUARDED_AVAILABILITY = YES_AGGRESSIVE;
				CLANG_WARN_UNREACHABLE_CODE = YES;
				CLANG_WARN__DUPLICATE_METHOD_MATCH = YES;
				COPY_PHASE_STRIP = NO;
				DEBUG_INFORMATION_FORMAT = dwarf;
				DEVELOPMENT_TEAM = N3Q3GX6Q6Z;
				ENABLE_STRICT_OBJC_MSGSEND = YES;
				ENABLE_TESTABILITY = YES;
				ENABLE_USER_SCRIPT_SANDBOXING = YES;
				GCC_C_LANGUAGE_STANDARD = gnu17;
				GCC_DYNAMIC_NO_PIC = NO;
				GCC_NO_COMMON_BLOCKS = YES;
				GCC_OPTIMIZATION_LEVEL = 0;
				GCC_PREPROCESSOR_DEFINITIONS = (
					"DEBUG=1",
					"$(inherited)",
				);
				GCC_WARN_64_TO_32_BIT_CONVERSION = YES;
				GCC_WARN_ABOUT_RETURN_TYPE = YES_ERROR;
				GCC_WARN_UNDECLARED_SELECTOR = YES;
				GCC_WARN_UNINITIALIZED_AUTOS = YES_AGGRESSIVE;
				GCC_WARN_UNUSED_FUNCTION = YES;
				GCC_WARN_UNUSED_VARIABLE = YES;
				LOCALIZATION_PREFERS_STRING_CATALOGS = YES;
				MTL_ENABLE_DEBUG_INFO = INCLUDE_SOURCE;
				MTL_FAST_MATH = YES;
				ONLY_ACTIVE_ARCH = YES;
				SDKROOT = xros;
				SWIFT_ACTIVE_COMPILATION_CONDITIONS = "DEBUG $(inherited)";
				SWIFT_OPTIMIZATION_LEVEL = "-Onone";
				XROS_DEPLOYMENT_TARGET = 26.2;
			};
			name = Debug;
		};
		ECC329EE2F5D5BE900630810 /* Release */ = {
			isa = XCBuildConfiguration;
			buildSettings = {
				ALWAYS_SEARCH_USER_PATHS = NO;
				ASSETCATALOG_COMPILER_GENERATE_SWIFT_ASSET_SYMBOL_EXTENSIONS = YES;
				CLANG_ANALYZER_NONNULL = YES;
				CLANG_ANALYZER_NUMBER_OBJECT_CONVERSION = YES_AGGRESSIVE;
				CLANG_CXX_LANGUAGE_STANDARD = "gnu++20";
				CLANG_ENABLE_MODULES = YES;
				CLANG_ENABLE_OBJC_ARC = YES;
				CLANG_ENABLE_OBJC_WEAK = YES;
				CLANG_WARN_BLOCK_CAPTURE_AUTORELEASING = YES;
				CLANG_WARN_BOOL_CONVERSION = YES;
				CLANG_WARN_COMMA = YES;
				CLANG_WARN_CONSTANT_CONVERSION = YES;
				CLANG_WARN_DEPRECATED_OBJC_IMPLEMENTATIONS = YES;
				CLANG_WARN_DIRECT_OBJC_ISA_USAGE = YES_ERROR;
				CLANG_WARN_DOCUMENTATION_COMMENTS = YES;
				CLANG_WARN_EMPTY_BODY = YES;
				CLANG_WARN_ENUM_CONVERSION = YES;
				CLANG_WARN_INFINITE_RECURSION = YES;
				CLANG_WARN_INT_CONVERSION = YES;
				CLANG_WARN_NON_LITERAL_NULL_CONVERSION = YES;
				CLANG_WARN_OBJC_IMPLICIT_RETAIN_SELF = YES;
				CLANG_WARN_OBJC_LITERAL_CONVERSION = YES;
				CLANG_WARN_OBJC_ROOT_CLASS = YES_ERROR;
				CLANG_WARN_QUOTED_INCLUDE_IN_FRAMEWORK_HEADER = YES;
				CLANG_WARN_RANGE_LOOP_ANALYSIS = YES;
				CLANG_WARN_STRICT_PROTOTYPES = YES;
				CLANG_WARN_SUSPICIOUS_MOVE = YES;
				CLANG_WARN_UNGUARDED_AVAILABILITY = YES_AGGRESSIVE;
				CLANG_WARN_UNREACHABLE_CODE = YES;
				CLANG_WARN__DUPLICATE_METHOD_MATCH = YES;
				COPY_PHASE_STRIP = NO;
				DEBUG_INFORMATION_FORMAT = "dwarf-with-dsym";
				DEVELOPMENT_TEAM = N3Q3GX6Q6Z;
				ENABLE_NS_ASSERTIONS = NO;
				ENABLE_STRICT_OBJC_MSGSEND = YES;
				ENABLE_USER_SCRIPT_SANDBOXING = YES;
				GCC_C_LANGUAGE_STANDARD = gnu17;
				GCC_NO_COMMON_BLOCKS = YES;
				GCC_WARN_64_TO_32_BIT_CONVERSION = YES;
				GCC_WARN_ABOUT_RETURN_TYPE = YES_ERROR;
				GCC_WARN_UNDECLARED_SELECTOR = YES;
				GCC_WARN_UNINITIALIZED_AUTOS = YES_AGGRESSIVE;
				GCC_WARN_UNUSED_FUNCTION = YES;
				GCC_WARN_UNUSED_VARIABLE = YES;
				LOCALIZATION_PREFERS_STRING_CATALOGS = YES;
				MTL_ENABLE_DEBUG_INFO = NO;
				MTL_FAST_MATH = YES;
				SDKROOT = xros;
				SWIFT_COMPILATION_MODE = wholemodule;
				VALIDATE_PRODUCT = YES;
				XROS_DEPLOYMENT_TARGET = 26.2;
			};
			name = Release;
		};
		ECC32A6A2F5D5C5E00630810 /* Debug */ = {
			isa = XCBuildConfiguration;
			buildSettings = {
				ASSETCATALOG_COMPILER_GLOBAL_ACCENT_COLOR_NAME = AccentColor;
				ASSETCATALOG_COMPILER_WIDGET_BACKGROUND_COLOR_NAME = WidgetBackground;
				CODE_SIGN_STYLE = Automatic;
				CURRENT_PROJECT_VERSION = 1;
				DEVELOPMENT_TEAM = N3Q3GX6Q6Z;
				GENERATE_INFOPLIST_FILE = YES;
				INFOPLIST_FILE = SpatialGPTBuilderWidgetExtension/Info.plist;
				INFOPLIST_KEY_CFBundleDisplayName = SpatialGPTBuilderWidgetExtension;
				INFOPLIST_KEY_NSHumanReadableCopyright = "";
				LD_RUNPATH_SEARCH_PATHS = (
					"$(inherited)",
					"@executable_path/Frameworks",
					"@executable_path/../../Frameworks",
				);
				MARKETING_VERSION = 1.0;
				PRODUCT_BUNDLE_IDENTIFIER = jan.steinhauer.SpatialGPTBuilderWidget.SpatialGPTBuilderWidgetExtension;
				PRODUCT_NAME = "$(TARGET_NAME)";
				SKIP_INSTALL = YES;
				STRING_CATALOG_GENERATE_SYMBOLS = YES;
				SUPPORTED_PLATFORMS = "xros xrsimulator";
				SWIFT_APPROACHABLE_CONCURRENCY = YES;
				SWIFT_EMIT_LOC_STRINGS = YES;
				SWIFT_UPCOMING_FEATURE_MEMBER_IMPORT_VISIBILITY = YES;
				SWIFT_VERSION = 5.0;
				TARGETED_DEVICE_FAMILY = 7;
			};
			name = Debug;
		};
		ECC32A6B2F5D5C5E00630810 /* Release */ = {
			isa = XCBuildConfiguration;
			buildSettings = {
				ASSETCATALOG_COMPILER_GLOBAL_ACCENT_COLOR_NAME = AccentColor;
				ASSETCATALOG_COMPILER_WIDGET_BACKGROUND_COLOR_NAME = WidgetBackground;
				CODE_SIGN_STYLE = Automatic;
				CURRENT_PROJECT_VERSION = 1;
				DEVELOPMENT_TEAM = N3Q3GX6Q6Z;
				GENERATE_INFOPLIST_FILE = YES;
				INFOPLIST_FILE = SpatialGPTBuilderWidgetExtension/Info.plist;
				INFOPLIST_KEY_CFBundleDisplayName = SpatialGPTBuilderWidgetExtension;
				INFOPLIST_KEY_NSHumanReadableCopyright = "";
				LD_RUNPATH_SEARCH_PATHS = (
					"$(inherited)",
					"@executable_path/Frameworks",
					"@executable_path/../../Frameworks",
				);
				MARKETING_VERSION = 1.0;
				PRODUCT_BUNDLE_IDENTIFIER = jan.steinhauer.SpatialGPTBuilderWidget.SpatialGPTBuilderWidgetExtension;
				PRODUCT_NAME = "$(TARGET_NAME)";
				SKIP_INSTALL = YES;
				STRING_CATALOG_GENERATE_SYMBOLS = YES;
				SUPPORTED_PLATFORMS = "xros xrsimulator";
				SWIFT_APPROACHABLE_CONCURRENCY = YES;
				SWIFT_EMIT_LOC_STRINGS = YES;
				SWIFT_UPCOMING_FEATURE_MEMBER_IMPORT_VISIBILITY = YES;
				SWIFT_VERSION = 5.0;
				TARGETED_DEVICE_FAMILY = 7;
			};
			name = Release;
		};
/* End XCBuildConfiguration section */

/* Begin XCConfigurationList section */
		ECC329D62F5D5BE500630810 /* Build configuration list for PBXProject "SpatialGPTBuilderWidget" */ = {
			isa = XCConfigurationList;
			buildConfigurations = (
				ECC329ED2F5D5BE900630810 /* Debug */,
				ECC329EE2F5D5BE900630810 /* Release */,
			);
			defaultConfigurationIsVisible = 0;
			defaultConfigurationName = Release;
		};
		ECC329EA2F5D5BE900630810 /* Build configuration list for PBXNativeTarget "SpatialGPTBuilderWidget" */ = {
			isa = XCConfigurationList;
			buildConfigurations = (
				ECC329EB2F5D5BE900630810 /* Debug */,
				ECC329EC2F5D5BE900630810 /* Release */,
			);
			defaultConfigurationIsVisible = 0;
			defaultConfigurationName = Release;
		};
		ECC32A692F5D5C5E00630810 /* Build configuration list for PBXNativeTarget "SpatialGPTBuilderWidgetExtensionExtension" */ = {
			isa = XCConfigurationList;
			buildConfigurations = (
				ECC32A6A2F5D5C5E00630810 /* Debug */,
				ECC32A6B2F5D5C5E00630810 /* Release */,
			);
			defaultConfigurationIsVisible = 0;
			defaultConfigurationName = Release;
		};
/* End XCConfigurationList section */

/* Begin XCSwiftPackageProductDependency section */
		ECC329E02F5D5BE500630810 /* RealityKitContent */ = {
			isa = XCSwiftPackageProductDependency;
			productName = RealityKitContent;
		};
/* End XCSwiftPackageProductDependency section */
	};
	rootObject = ECC329D32F5D5BE500630810 /* Project object */;
}
